// !$*UTF8*$!
{
	archiveVersion = 1;
	classes = {
	};
	objectVersion = 56;
	objects = {

/* Begin PBXBuildFile section */
		5B661EFE2C198D77003CCA50 /* CategoriesEvent.swift in Sources */ = {isa = PBXBuildFile; fileRef = 5B661EFD2C198D77003CCA50 /* CategoriesEvent.swift */; };
		5B661F002C1991FB003CCA50 /* CategoryCell.swift in Sources */ = {isa = PBXBuildFile; fileRef = 5B661EFF2C1991FB003CCA50 /* CategoryCell.swift */; };
		5B661F072C1B0646003CCA50 /* DatesCell.swift in Sources */ = {isa = PBXBuildFile; fileRef = 5B661F062C1B0646003CCA50 /* DatesCell.swift */; };
		5B661F092C1B35A6003CCA50 /* LocationCell.swift in Sources */ = {isa = PBXBuildFile; fileRef = 5B661F082C1B35A6003CCA50 /* LocationCell.swift */; };
		5B661F0C2C1B6EBB003CCA50 /* CalendarViewController.swift in Sources */ = {isa = PBXBuildFile; fileRef = 5B661F0B2C1B6EBB003CCA50 /* CalendarViewController.swift */; };
		5B661F0E2C1B6EFA003CCA50 /* CalendarPresenter.swift in Sources */ = {isa = PBXBuildFile; fileRef = 5B661F0D2C1B6EFA003CCA50 /* CalendarPresenter.swift */; };
		5B661F102C1B6F08003CCA50 /* CalendarView.swift in Sources */ = {isa = PBXBuildFile; fileRef = 5B661F0F2C1B6F08003CCA50 /* CalendarView.swift */; };
		5B661F1A2C1D94AC003CCA50 /* UIImage+Resize.swift in Sources */ = {isa = PBXBuildFile; fileRef = 5B661F192C1D94AC003CCA50 /* UIImage+Resize.swift */; };
		5B661F1D2C1DD0D7003CCA50 /* LocationPresenter.swift in Sources */ = {isa = PBXBuildFile; fileRef = 5B661F1C2C1DD0D7003CCA50 /* LocationPresenter.swift */; };
		5B661F1F2C1DD1E0003CCA50 /* LocationViewController.swift in Sources */ = {isa = PBXBuildFile; fileRef = 5B661F1E2C1DD1E0003CCA50 /* LocationViewController.swift */; };
		5B661F212C1DD1EB003CCA50 /* LocationView.swift in Sources */ = {isa = PBXBuildFile; fileRef = 5B661F202C1DD1EB003CCA50 /* LocationView.swift */; };
		5B661F232C1DEB8E003CCA50 /* UserDefaults+enum.swift in Sources */ = {isa = PBXBuildFile; fileRef = 5B661F222C1DEB8E003CCA50 /* UserDefaults+enum.swift */; };
		5B661F252C1E128E003CCA50 /* DetailPresenter.swift in Sources */ = {isa = PBXBuildFile; fileRef = 5B661F242C1E128E003CCA50 /* DetailPresenter.swift */; };
		5B661F272C1E12A1003CCA50 /* DetailViewController.swift in Sources */ = {isa = PBXBuildFile; fileRef = 5B661F262C1E12A1003CCA50 /* DetailViewController.swift */; };
		5B661F292C1E12B2003CCA50 /* DetailView.swift in Sources */ = {isa = PBXBuildFile; fileRef = 5B661F282C1E12B2003CCA50 /* DetailView.swift */; };
		5B661F2B2C1E12BD003CCA50 /* DetailRouter.swift in Sources */ = {isa = PBXBuildFile; fileRef = 5B661F2A2C1E12BD003CCA50 /* DetailRouter.swift */; };
		5B661F2D2C1E12D4003CCA50 /* DetailViewModel.swift in Sources */ = {isa = PBXBuildFile; fileRef = 5B661F2C2C1E12D3003CCA50 /* DetailViewModel.swift */; };
		5B661F2F2C1E12E9003CCA50 /* DetailAssembly.swift in Sources */ = {isa = PBXBuildFile; fileRef = 5B661F2E2C1E12E9003CCA50 /* DetailAssembly.swift */; };
		5BA475982C16E49A00BF2D5D /* EventsRouter.swift in Sources */ = {isa = PBXBuildFile; fileRef = 5BA475972C16E49A00BF2D5D /* EventsRouter.swift */; };
		5BA4759A2C16E5B600BF2D5D /* EventsAssembly.swift in Sources */ = {isa = PBXBuildFile; fileRef = 5BA475992C16E5B600BF2D5D /* EventsAssembly.swift */; };
		5BA4759D2C171E1D00BF2D5D /* String+CapitalizingFirst.swift in Sources */ = {isa = PBXBuildFile; fileRef = 5BA4759C2C171E1D00BF2D5D /* String+CapitalizingFirst.swift */; };
		5BB997432C1498A600E47C8F /* AppDelegate.swift in Sources */ = {isa = PBXBuildFile; fileRef = 5BB997422C1498A600E47C8F /* AppDelegate.swift */; };
		5BB997452C1498A600E47C8F /* SceneDelegate.swift in Sources */ = {isa = PBXBuildFile; fileRef = 5BB997442C1498A600E47C8F /* SceneDelegate.swift */; };
		5BB997472C1498A600E47C8F /* EventsViewController.swift in Sources */ = {isa = PBXBuildFile; fileRef = 5BB997462C1498A600E47C8F /* EventsViewController.swift */; };
		5BB9974D2C1498A600E47C8F /* CityEvents.xcdatamodeld in Sources */ = {isa = PBXBuildFile; fileRef = 5BB9974B2C1498A600E47C8F /* CityEvents.xcdatamodeld */; };
		5BB9974F2C1498A800E47C8F /* Assets.xcassets in Resources */ = {isa = PBXBuildFile; fileRef = 5BB9974E2C1498A800E47C8F /* Assets.xcassets */; };
		5BB997522C1498A800E47C8F /* LaunchScreen.storyboard in Resources */ = {isa = PBXBuildFile; fileRef = 5BB997502C1498A800E47C8F /* LaunchScreen.storyboard */; };
		5BB9975E2C149EC100E47C8F /* EventsPresenter.swift in Sources */ = {isa = PBXBuildFile; fileRef = 5BB9975D2C149EC100E47C8F /* EventsPresenter.swift */; };
		5BB997602C149FFA00E47C8F /* EventsViewModel.swift in Sources */ = {isa = PBXBuildFile; fileRef = 5BB9975F2C149FFA00E47C8F /* EventsViewModel.swift */; };
		5BB997622C14A4E700E47C8F /* EventsView.swift in Sources */ = {isa = PBXBuildFile; fileRef = 5BB997612C14A4E700E47C8F /* EventsView.swift */; };
		5BB997662C14AE6800E47C8F /* Sizes.swift in Sources */ = {isa = PBXBuildFile; fileRef = 5BB997652C14AE6800E47C8F /* Sizes.swift */; };
		5BB9976C2C14EBD000E47C8F /* Theme.swift in Sources */ = {isa = PBXBuildFile; fileRef = 5BB9976B2C14EBD000E47C8F /* Theme.swift */; };
		5BB9976E2C14EC0E00E47C8F /* UIColor+Dynamic.swift in Sources */ = {isa = PBXBuildFile; fileRef = 5BB9976D2C14EC0E00E47C8F /* UIColor+Dynamic.swift */; };
		5BB997702C14ECAD00E47C8F /* UIColor+Hex.swift in Sources */ = {isa = PBXBuildFile; fileRef = 5BB9976F2C14ECAD00E47C8F /* UIColor+Hex.swift */; };
		5BB997722C14EDDB00E47C8F /* Colors.swift in Sources */ = {isa = PBXBuildFile; fileRef = 5BB997712C14EDDB00E47C8F /* Colors.swift */; };
		5BB997742C14EFF900E47C8F /* Localizable.xcstrings in Resources */ = {isa = PBXBuildFile; fileRef = 5BB997732C14EFF900E47C8F /* Localizable.xcstrings */; };
		5BB997782C14F3B200E47C8F /* Strings.swift in Sources */ = {isa = PBXBuildFile; fileRef = 5BB997772C14F3B200E47C8F /* Strings.swift */; };
		5BCBBB042C15A17E004C60AD /* EventViewCell.swift in Sources */ = {isa = PBXBuildFile; fileRef = 5BCBBB032C15A17E004C60AD /* EventViewCell.swift */; };
		5BCBBB072C15BBA9004C60AD /* NetworkEndpoints.swift in Sources */ = {isa = PBXBuildFile; fileRef = 5BCBBB062C15BBA9004C60AD /* NetworkEndpoints.swift */; };
		5BCBBB0B2C15BBBB004C60AD /* NetworkService.swift in Sources */ = {isa = PBXBuildFile; fileRef = 5BCBBB0A2C15BBBB004C60AD /* NetworkService.swift */; };
		5BCBBB0E2C15BC26004C60AD /* Event.swift in Sources */ = {isa = PBXBuildFile; fileRef = 5BCBBB0D2C15BC26004C60AD /* Event.swift */; };
		5BCBBB102C15BC4A004C60AD /* EventList.swift in Sources */ = {isa = PBXBuildFile; fileRef = 5BCBBB0F2C15BC4A004C60AD /* EventList.swift */; };
		5BCBBB122C15BC78004C60AD /* UIImageView+load+cache.swift in Sources */ = {isa = PBXBuildFile; fileRef = 5BCBBB112C15BC78004C60AD /* UIImageView+load+cache.swift */; };
		5BCBBB142C15BD2E004C60AD /* NetworkError.swift in Sources */ = {isa = PBXBuildFile; fileRef = 5BCBBB132C15BD2E004C60AD /* NetworkError.swift */; };
		5BCBBB162C15DF79004C60AD /* NetworkRequest.swift in Sources */ = {isa = PBXBuildFile; fileRef = 5BCBBB152C15DF79004C60AD /* NetworkRequest.swift */; };
		5BCBBB182C15E14E004C60AD /* HTTPMethod.swift in Sources */ = {isa = PBXBuildFile; fileRef = 5BCBBB172C15E14E004C60AD /* HTTPMethod.swift */; };
		5BCBBB1A2C15E683004C60AD /* Locations.swift in Sources */ = {isa = PBXBuildFile; fileRef = 5BCBBB192C15E683004C60AD /* Locations.swift */; };
		5BCBBB1C2C16013B004C60AD /* EventOfDay.swift in Sources */ = {isa = PBXBuildFile; fileRef = 5BCBBB1B2C16013B004C60AD /* EventOfDay.swift */; };
/* End PBXBuildFile section */

/* Begin PBXFileReference section */
		5B661EFD2C198D77003CCA50 /* CategoriesEvent.swift */ = {isa = PBXFileReference; lastKnownFileType = sourcecode.swift; path = CategoriesEvent.swift; sourceTree = "<group>"; };
		5B661EFF2C1991FB003CCA50 /* CategoryCell.swift */ = {isa = PBXFileReference; lastKnownFileType = sourcecode.swift; path = CategoryCell.swift; sourceTree = "<group>"; };
		5B661F062C1B0646003CCA50 /* DatesCell.swift */ = {isa = PBXFileReference; lastKnownFileType = sourcecode.swift; path = DatesCell.swift; sourceTree = "<group>"; };
		5B661F082C1B35A6003CCA50 /* LocationCell.swift */ = {isa = PBXFileReference; lastKnownFileType = sourcecode.swift; path = LocationCell.swift; sourceTree = "<group>"; };
		5B661F0B2C1B6EBB003CCA50 /* CalendarViewController.swift */ = {isa = PBXFileReference; lastKnownFileType = sourcecode.swift; path = CalendarViewController.swift; sourceTree = "<group>"; };
		5B661F0D2C1B6EFA003CCA50 /* CalendarPresenter.swift */ = {isa = PBXFileReference; lastKnownFileType = sourcecode.swift; path = CalendarPresenter.swift; sourceTree = "<group>"; };
		5B661F0F2C1B6F08003CCA50 /* CalendarView.swift */ = {isa = PBXFileReference; lastKnownFileType = sourcecode.swift; path = CalendarView.swift; sourceTree = "<group>"; };
		5B661F192C1D94AC003CCA50 /* UIImage+Resize.swift */ = {isa = PBXFileReference; lastKnownFileType = sourcecode.swift; path = "UIImage+Resize.swift"; sourceTree = "<group>"; };
		5B661F1C2C1DD0D7003CCA50 /* LocationPresenter.swift */ = {isa = PBXFileReference; lastKnownFileType = sourcecode.swift; path = LocationPresenter.swift; sourceTree = "<group>"; };
		5B661F1E2C1DD1E0003CCA50 /* LocationViewController.swift */ = {isa = PBXFileReference; lastKnownFileType = sourcecode.swift; path = LocationViewController.swift; sourceTree = "<group>"; };
		5B661F202C1DD1EB003CCA50 /* LocationView.swift */ = {isa = PBXFileReference; lastKnownFileType = sourcecode.swift; path = LocationView.swift; sourceTree = "<group>"; };
		5B661F222C1DEB8E003CCA50 /* UserDefaults+enum.swift */ = {isa = PBXFileReference; lastKnownFileType = sourcecode.swift; path = "UserDefaults+enum.swift"; sourceTree = "<group>"; };
		5B661F242C1E128E003CCA50 /* DetailPresenter.swift */ = {isa = PBXFileReference; lastKnownFileType = sourcecode.swift; path = DetailPresenter.swift; sourceTree = "<group>"; };
		5B661F262C1E12A1003CCA50 /* DetailViewController.swift */ = {isa = PBXFileReference; lastKnownFileType = sourcecode.swift; path = DetailViewController.swift; sourceTree = "<group>"; };
		5B661F282C1E12B2003CCA50 /* DetailView.swift */ = {isa = PBXFileReference; lastKnownFileType = sourcecode.swift; path = DetailView.swift; sourceTree = "<group>"; };
		5B661F2A2C1E12BD003CCA50 /* DetailRouter.swift */ = {isa = PBXFileReference; lastKnownFileType = sourcecode.swift; path = DetailRouter.swift; sourceTree = "<group>"; };
		5B661F2C2C1E12D3003CCA50 /* DetailViewModel.swift */ = {isa = PBXFileReference; lastKnownFileType = sourcecode.swift; path = DetailViewModel.swift; sourceTree = "<group>"; };
		5B661F2E2C1E12E9003CCA50 /* DetailAssembly.swift */ = {isa = PBXFileReference; lastKnownFileType = sourcecode.swift; path = DetailAssembly.swift; sourceTree = "<group>"; };
		5BA475972C16E49A00BF2D5D /* EventsRouter.swift */ = {isa = PBXFileReference; lastKnownFileType = sourcecode.swift; path = EventsRouter.swift; sourceTree = "<group>"; };
		5BA475992C16E5B600BF2D5D /* EventsAssembly.swift */ = {isa = PBXFileReference; lastKnownFileType = sourcecode.swift; path = EventsAssembly.swift; sourceTree = "<group>"; };
		5BA4759C2C171E1D00BF2D5D /* String+CapitalizingFirst.swift */ = {isa = PBXFileReference; lastKnownFileType = sourcecode.swift; path = "String+CapitalizingFirst.swift"; sourceTree = "<group>"; };
		5BB9973F2C1498A600E47C8F /* CityEvents.app */ = {isa = PBXFileReference; explicitFileType = wrapper.application; includeInIndex = 0; path = CityEvents.app; sourceTree = BUILT_PRODUCTS_DIR; };
		5BB997422C1498A600E47C8F /* AppDelegate.swift */ = {isa = PBXFileReference; lastKnownFileType = sourcecode.swift; path = AppDelegate.swift; sourceTree = "<group>"; };
		5BB997442C1498A600E47C8F /* SceneDelegate.swift */ = {isa = PBXFileReference; lastKnownFileType = sourcecode.swift; path = SceneDelegate.swift; sourceTree = "<group>"; };
		5BB997462C1498A600E47C8F /* EventsViewController.swift */ = {isa = PBXFileReference; lastKnownFileType = sourcecode.swift; path = EventsViewController.swift; sourceTree = "<group>"; };
		5BB9974C2C1498A600E47C8F /* CityEvents.xcdatamodel */ = {isa = PBXFileReference; lastKnownFileType = wrapper.xcdatamodel; path = CityEvents.xcdatamodel; sourceTree = "<group>"; };
		5BB9974E2C1498A800E47C8F /* Assets.xcassets */ = {isa = PBXFileReference; lastKnownFileType = folder.assetcatalog; path = Assets.xcassets; sourceTree = "<group>"; };
		5BB997512C1498A800E47C8F /* Base */ = {isa = PBXFileReference; lastKnownFileType = file.storyboard; name = Base; path = Base.lproj/LaunchScreen.storyboard; sourceTree = "<group>"; };
		5BB997532C1498A800E47C8F /* Info.plist */ = {isa = PBXFileReference; lastKnownFileType = text.plist.xml; path = Info.plist; sourceTree = "<group>"; };
		5BB9975D2C149EC100E47C8F /* EventsPresenter.swift */ = {isa = PBXFileReference; lastKnownFileType = sourcecode.swift; path = EventsPresenter.swift; sourceTree = "<group>"; };
		5BB9975F2C149FFA00E47C8F /* EventsViewModel.swift */ = {isa = PBXFileReference; lastKnownFileType = sourcecode.swift; path = EventsViewModel.swift; sourceTree = "<group>"; };
		5BB997612C14A4E700E47C8F /* EventsView.swift */ = {isa = PBXFileReference; lastKnownFileType = sourcecode.swift; path = EventsView.swift; sourceTree = "<group>"; };
		5BB997652C14AE6800E47C8F /* Sizes.swift */ = {isa = PBXFileReference; fileEncoding = 4; lastKnownFileType = sourcecode.swift; path = Sizes.swift; sourceTree = "<group>"; };
		5BB9976B2C14EBD000E47C8F /* Theme.swift */ = {isa = PBXFileReference; lastKnownFileType = sourcecode.swift; path = Theme.swift; sourceTree = "<group>"; };
		5BB9976D2C14EC0E00E47C8F /* UIColor+Dynamic.swift */ = {isa = PBXFileReference; fileEncoding = 4; lastKnownFileType = sourcecode.swift; path = "UIColor+Dynamic.swift"; sourceTree = "<group>"; };
		5BB9976F2C14ECAD00E47C8F /* UIColor+Hex.swift */ = {isa = PBXFileReference; fileEncoding = 4; lastKnownFileType = sourcecode.swift; path = "UIColor+Hex.swift"; sourceTree = "<group>"; };
		5BB997712C14EDDB00E47C8F /* Colors.swift */ = {isa = PBXFileReference; lastKnownFileType = sourcecode.swift; path = Colors.swift; sourceTree = "<group>"; };
		5BB997732C14EFF900E47C8F /* Localizable.xcstrings */ = {isa = PBXFileReference; lastKnownFileType = text.json.xcstrings; path = Localizable.xcstrings; sourceTree = "<group>"; };
		5BB997762C14F10300E47C8F /* en */ = {isa = PBXFileReference; lastKnownFileType = text.plist.strings; name = en; path = en.lproj/LaunchScreen.strings; sourceTree = "<group>"; };
		5BB997772C14F3B200E47C8F /* Strings.swift */ = {isa = PBXFileReference; lastKnownFileType = sourcecode.swift; path = Strings.swift; sourceTree = "<group>"; };
		5BCBBB032C15A17E004C60AD /* EventViewCell.swift */ = {isa = PBXFileReference; lastKnownFileType = sourcecode.swift; path = EventViewCell.swift; sourceTree = "<group>"; };
		5BCBBB062C15BBA9004C60AD /* NetworkEndpoints.swift */ = {isa = PBXFileReference; fileEncoding = 4; lastKnownFileType = sourcecode.swift; path = NetworkEndpoints.swift; sourceTree = "<group>"; };
		5BCBBB0A2C15BBBB004C60AD /* NetworkService.swift */ = {isa = PBXFileReference; fileEncoding = 4; lastKnownFileType = sourcecode.swift; path = NetworkService.swift; sourceTree = "<group>"; };
		5BCBBB0D2C15BC26004C60AD /* Event.swift */ = {isa = PBXFileReference; lastKnownFileType = sourcecode.swift; path = Event.swift; sourceTree = "<group>"; };
		5BCBBB0F2C15BC4A004C60AD /* EventList.swift */ = {isa = PBXFileReference; lastKnownFileType = sourcecode.swift; path = EventList.swift; sourceTree = "<group>"; };
		5BCBBB112C15BC78004C60AD /* UIImageView+load+cache.swift */ = {isa = PBXFileReference; fileEncoding = 4; lastKnownFileType = sourcecode.swift; path = "UIImageView+load+cache.swift"; sourceTree = "<group>"; };
		5BCBBB132C15BD2E004C60AD /* NetworkError.swift */ = {isa = PBXFileReference; fileEncoding = 4; lastKnownFileType = sourcecode.swift; path = NetworkError.swift; sourceTree = "<group>"; };
		5BCBBB152C15DF79004C60AD /* NetworkRequest.swift */ = {isa = PBXFileReference; lastKnownFileType = sourcecode.swift; path = NetworkRequest.swift; sourceTree = "<group>"; };
		5BCBBB172C15E14E004C60AD /* HTTPMethod.swift */ = {isa = PBXFileReference; lastKnownFileType = sourcecode.swift; path = HTTPMethod.swift; sourceTree = "<group>"; };
		5BCBBB192C15E683004C60AD /* Locations.swift */ = {isa = PBXFileReference; lastKnownFileType = sourcecode.swift; path = Locations.swift; sourceTree = "<group>"; };
		5BCBBB1B2C16013B004C60AD /* EventOfDay.swift */ = {isa = PBXFileReference; lastKnownFileType = sourcecode.swift; path = EventOfDay.swift; sourceTree = "<group>"; };
/* End PBXFileReference section */

/* Begin PBXFrameworksBuildPhase section */
		5BB9973C2C1498A600E47C8F /* Frameworks */ = {
			isa = PBXFrameworksBuildPhase;
			buildActionMask = 2147483647;
			files = (
			);
			runOnlyForDeploymentPostprocessing = 0;
		};
/* End PBXFrameworksBuildPhase section */

/* Begin PBXGroup section */
		5B661F0A2C1B6E99003CCA50 /* Calendar */ = {
			isa = PBXGroup;
			children = (
				5B661F0B2C1B6EBB003CCA50 /* CalendarViewController.swift */,
				5B661F0D2C1B6EFA003CCA50 /* CalendarPresenter.swift */,
				5B661F0F2C1B6F08003CCA50 /* CalendarView.swift */,
			);
			path = Calendar;
			sourceTree = "<group>";
		};
		5B661F1B2C1DD0BE003CCA50 /* Location */ = {
			isa = PBXGroup;
			children = (
				5B661F1C2C1DD0D7003CCA50 /* LocationPresenter.swift */,
				5B661F1E2C1DD1E0003CCA50 /* LocationViewController.swift */,
				5B661F202C1DD1EB003CCA50 /* LocationView.swift */,
			);
			path = Location;
			sourceTree = "<group>";
		};
		5B661F302C1E1A5E003CCA50 /* View */ = {
			isa = PBXGroup;
			children = (
				5B661F282C1E12B2003CCA50 /* DetailView.swift */,
				5B661F2C2C1E12D3003CCA50 /* DetailViewModel.swift */,
				5B661F262C1E12A1003CCA50 /* DetailViewController.swift */,
			);
			path = View;
			sourceTree = "<group>";
		};
		5BA4759B2C16E61A00BF2D5D /* Detail */ = {
			isa = PBXGroup;
			children = (
				5B661F302C1E1A5E003CCA50 /* View */,
				5B661F242C1E128E003CCA50 /* DetailPresenter.swift */,
				5B661F2A2C1E12BD003CCA50 /* DetailRouter.swift */,
				5B661F2E2C1E12E9003CCA50 /* DetailAssembly.swift */,
			);
			path = Detail;
			sourceTree = "<group>";
		};
		5BB997362C1498A600E47C8F = {
			isa = PBXGroup;
			children = (
				5BB997412C1498A600E47C8F /* CityEvents */,
				5BB997402C1498A600E47C8F /* Products */,
			);
			sourceTree = "<group>";
		};
		5BB997402C1498A600E47C8F /* Products */ = {
			isa = PBXGroup;
			children = (
				5BB9973F2C1498A600E47C8F /* CityEvents.app */,
			);
			name = Products;
			sourceTree = "<group>";
		};
		5BB997412C1498A600E47C8F /* CityEvents */ = {
			isa = PBXGroup;
			children = (
				5BB997672C14EB1800E47C8F /* Appearance */,
				5BB9976A2C14EB8500E47C8F /* Extensions */,
				5BCBBB0C2C15BBE3004C60AD /* Model */,
				5BCBBB052C15BB95004C60AD /* Network */,
				5BB997592C14992900E47C8F /* Resource */,
				5BB9975B2C149E6000E47C8F /* Scene */,
				5BB9975A2C149E5400E47C8F /* Storage */,
				5BB997422C1498A600E47C8F /* AppDelegate.swift */,
				5BB997442C1498A600E47C8F /* SceneDelegate.swift */,
			);
			path = CityEvents;
			sourceTree = "<group>";
		};
		5BB997592C14992900E47C8F /* Resource */ = {
			isa = PBXGroup;
			children = (
				5BB997732C14EFF900E47C8F /* Localizable.xcstrings */,
				5BB9974E2C1498A800E47C8F /* Assets.xcassets */,
				5BB997532C1498A800E47C8F /* Info.plist */,
				5BB997502C1498A800E47C8F /* LaunchScreen.storyboard */,
			);
			path = Resource;
			sourceTree = "<group>";
		};
		5BB9975A2C149E5400E47C8F /* Storage */ = {
			isa = PBXGroup;
			children = (
				5BB9974B2C1498A600E47C8F /* CityEvents.xcdatamodeld */,
			);
			path = Storage;
			sourceTree = "<group>";
		};
		5BB9975B2C149E6000E47C8F /* Scene */ = {
			isa = PBXGroup;
			children = (
				5B661F1B2C1DD0BE003CCA50 /* Location */,
				5B661F0A2C1B6E99003CCA50 /* Calendar */,
				5BB9975C2C149E6900E47C8F /* Events */,
				5BA4759B2C16E61A00BF2D5D /* Detail */,
			);
			path = Scene;
			sourceTree = "<group>";
		};
		5BB9975C2C149E6900E47C8F /* Events */ = {
			isa = PBXGroup;
			children = (
				5BCBBAFF2C1594DA004C60AD /* View */,
				5BB9975D2C149EC100E47C8F /* EventsPresenter.swift */,
				5BA475972C16E49A00BF2D5D /* EventsRouter.swift */,
				5BA475992C16E5B600BF2D5D /* EventsAssembly.swift */,
			);
			path = Events;
			sourceTree = "<group>";
		};
		5BB997672C14EB1800E47C8F /* Appearance */ = {
			isa = PBXGroup;
			children = (
				5BB997652C14AE6800E47C8F /* Sizes.swift */,
				5BB9976B2C14EBD000E47C8F /* Theme.swift */,
				5BB997712C14EDDB00E47C8F /* Colors.swift */,
				5BB997772C14F3B200E47C8F /* Strings.swift */,
			);
			path = Appearance;
			sourceTree = "<group>";
		};
		5BB9976A2C14EB8500E47C8F /* Extensions */ = {
			isa = PBXGroup;
			children = (
				5BCBBB112C15BC78004C60AD /* UIImageView+load+cache.swift */,
				5BB9976D2C14EC0E00E47C8F /* UIColor+Dynamic.swift */,
				5BB9976F2C14ECAD00E47C8F /* UIColor+Hex.swift */,
				5BA4759C2C171E1D00BF2D5D /* String+CapitalizingFirst.swift */,
				5B661F192C1D94AC003CCA50 /* UIImage+Resize.swift */,
				5B661F222C1DEB8E003CCA50 /* UserDefaults+enum.swift */,
			);
			path = Extensions;
			sourceTree = "<group>";
		};
		5BCBBAFF2C1594DA004C60AD /* View */ = {
			isa = PBXGroup;
			children = (
				5BCBBB002C1594F1004C60AD /* Cell */,
				5BB997462C1498A600E47C8F /* EventsViewController.swift */,
				5BB997612C14A4E700E47C8F /* EventsView.swift */,
				5BB9975F2C149FFA00E47C8F /* EventsViewModel.swift */,
			);
			path = View;
			sourceTree = "<group>";
		};
		5BCBBB002C1594F1004C60AD /* Cell */ = {
			isa = PBXGroup;
			children = (
				5BCBBB032C15A17E004C60AD /* EventViewCell.swift */,
				5B661EFF2C1991FB003CCA50 /* CategoryCell.swift */,
				5B661F062C1B0646003CCA50 /* DatesCell.swift */,
				5B661F082C1B35A6003CCA50 /* LocationCell.swift */,
			);
			path = Cell;
			sourceTree = "<group>";
		};
		5BCBBB052C15BB95004C60AD /* Network */ = {
			isa = PBXGroup;
			children = (
				5BCBBB062C15BBA9004C60AD /* NetworkEndpoints.swift */,
				5BCBBB132C15BD2E004C60AD /* NetworkError.swift */,
				5BCBBB0A2C15BBBB004C60AD /* NetworkService.swift */,
				5BCBBB152C15DF79004C60AD /* NetworkRequest.swift */,
				5BCBBB172C15E14E004C60AD /* HTTPMethod.swift */,
			);
			path = Network;
			sourceTree = "<group>";
		};
		5BCBBB0C2C15BBE3004C60AD /* Model */ = {
			isa = PBXGroup;
			children = (
				5BCBBB0D2C15BC26004C60AD /* Event.swift */,
				5BCBBB0F2C15BC4A004C60AD /* EventList.swift */,
				5BCBBB1B2C16013B004C60AD /* EventOfDay.swift */,
				5BCBBB192C15E683004C60AD /* Locations.swift */,
				5B661EFD2C198D77003CCA50 /* CategoriesEvent.swift */,
			);
			path = Model;
			sourceTree = "<group>";
		};
/* End PBXGroup section */

/* Begin PBXNativeTarget section */
		5BB9973E2C1498A600E47C8F /* CityEvents */ = {
			isa = PBXNativeTarget;
			buildConfigurationList = 5BB997562C1498A800E47C8F /* Build configuration list for PBXNativeTarget "CityEvents" */;
			buildPhases = (
				5BB9973B2C1498A600E47C8F /* Sources */,
				5BB9973C2C1498A600E47C8F /* Frameworks */,
				5BB9973D2C1498A600E47C8F /* Resources */,
			);
			buildRules = (
			);
			dependencies = (
			);
			name = CityEvents;
			productName = CityEvents;
			productReference = 5BB9973F2C1498A600E47C8F /* CityEvents.app */;
			productType = "com.apple.product-type.application";
		};
/* End PBXNativeTarget section */

/* Begin PBXProject section */
		5BB997372C1498A600E47C8F /* Project object */ = {
			isa = PBXProject;
			attributes = {
				BuildIndependentTargetsInParallel = 1;
				LastSwiftUpdateCheck = 1520;
				LastUpgradeCheck = 1520;
				TargetAttributes = {
					5BB9973E2C1498A600E47C8F = {
						CreatedOnToolsVersion = 15.2;
					};
				};
			};
			buildConfigurationList = 5BB9973A2C1498A600E47C8F /* Build configuration list for PBXProject "CityEvents" */;
			compatibilityVersion = "Xcode 14.0";
			developmentRegion = en;
			hasScannedForEncodings = 0;
			knownRegions = (
				en,
				Base,
				ru,
			);
			mainGroup = 5BB997362C1498A600E47C8F;
			productRefGroup = 5BB997402C1498A600E47C8F /* Products */;
			projectDirPath = "";
			projectRoot = "";
			targets = (
				5BB9973E2C1498A600E47C8F /* CityEvents */,
			);
		};
/* End PBXProject section */

/* Begin PBXResourcesBuildPhase section */
		5BB9973D2C1498A600E47C8F /* Resources */ = {
			isa = PBXResourcesBuildPhase;
			buildActionMask = 2147483647;
			files = (
				5BB997522C1498A800E47C8F /* LaunchScreen.storyboard in Resources */,
				5BB9974F2C1498A800E47C8F /* Assets.xcassets in Resources */,
				5BB997742C14EFF900E47C8F /* Localizable.xcstrings in Resources */,
			);
			runOnlyForDeploymentPostprocessing = 0;
		};
/* End PBXResourcesBuildPhase section */

/* Begin PBXSourcesBuildPhase section */
		5BB9973B2C1498A600E47C8F /* Sources */ = {
			isa = PBXSourcesBuildPhase;
			buildActionMask = 2147483647;
			files = (
				5BA4759A2C16E5B600BF2D5D /* EventsAssembly.swift in Sources */,
				5BCBBB102C15BC4A004C60AD /* EventList.swift in Sources */,
				5B661F232C1DEB8E003CCA50 /* UserDefaults+enum.swift in Sources */,
				5BB997472C1498A600E47C8F /* EventsViewController.swift in Sources */,
				5BCBBB142C15BD2E004C60AD /* NetworkError.swift in Sources */,
				5B661F002C1991FB003CCA50 /* CategoryCell.swift in Sources */,
				5BB997622C14A4E700E47C8F /* EventsView.swift in Sources */,
				5B661F2F2C1E12E9003CCA50 /* DetailAssembly.swift in Sources */,
				5B661F1A2C1D94AC003CCA50 /* UIImage+Resize.swift in Sources */,
				5B661F092C1B35A6003CCA50 /* LocationCell.swift in Sources */,
				5BB9976E2C14EC0E00E47C8F /* UIColor+Dynamic.swift in Sources */,
				5B661F272C1E12A1003CCA50 /* DetailViewController.swift in Sources */,
				5BB997602C149FFA00E47C8F /* EventsViewModel.swift in Sources */,
				5BCBBB1A2C15E683004C60AD /* Locations.swift in Sources */,
				5BCBBB0E2C15BC26004C60AD /* Event.swift in Sources */,
				5BCBBB1C2C16013B004C60AD /* EventOfDay.swift in Sources */,
				5BCBBB042C15A17E004C60AD /* EventViewCell.swift in Sources */,
				5BCBBB182C15E14E004C60AD /* HTTPMethod.swift in Sources */,
				5B661F1F2C1DD1E0003CCA50 /* LocationViewController.swift in Sources */,
				5BCBBB122C15BC78004C60AD /* UIImageView+load+cache.swift in Sources */,
				5B661F212C1DD1EB003CCA50 /* LocationView.swift in Sources */,
				5BCBBB072C15BBA9004C60AD /* NetworkEndpoints.swift in Sources */,
				5B661F0C2C1B6EBB003CCA50 /* CalendarViewController.swift in Sources */,
				5BCBBB162C15DF79004C60AD /* NetworkRequest.swift in Sources */,
				5B661F072C1B0646003CCA50 /* DatesCell.swift in Sources */,
				5BB997662C14AE6800E47C8F /* Sizes.swift in Sources */,
				5B661F102C1B6F08003CCA50 /* CalendarView.swift in Sources */,
				5BA475982C16E49A00BF2D5D /* EventsRouter.swift in Sources */,
				5BA4759D2C171E1D00BF2D5D /* String+CapitalizingFirst.swift in Sources */,
				5BB9975E2C149EC100E47C8F /* EventsPresenter.swift in Sources */,
				5B661F2B2C1E12BD003CCA50 /* DetailRouter.swift in Sources */,
				5B661EFE2C198D77003CCA50 /* CategoriesEvent.swift in Sources */,
				5B661F2D2C1E12D4003CCA50 /* DetailViewModel.swift in Sources */,
				5BB9974D2C1498A600E47C8F /* CityEvents.xcdatamodeld in Sources */,
				5B661F292C1E12B2003CCA50 /* DetailView.swift in Sources */,
				5BB997722C14EDDB00E47C8F /* Colors.swift in Sources */,
				5BB997782C14F3B200E47C8F /* Strings.swift in Sources */,
				5BB9976C2C14EBD000E47C8F /* Theme.swift in Sources */,
				5BCBBB0B2C15BBBB004C60AD /* NetworkService.swift in Sources */,
				5B661F1D2C1DD0D7003CCA50 /* LocationPresenter.swift in Sources */,
				5B661F252C1E128E003CCA50 /* DetailPresenter.swift in Sources */,
				5BB997702C14ECAD00E47C8F /* UIColor+Hex.swift in Sources */,
				5B661F0E2C1B6EFA003CCA50 /* CalendarPresenter.swift in Sources */,
				5BB997432C1498A600E47C8F /* AppDelegate.swift in Sources */,
				5BB997452C1498A600E47C8F /* SceneDelegate.swift in Sources */,
			);
			runOnlyForDeploymentPostprocessing = 0;
		};
/* End PBXSourcesBuildPhase section */

/* Begin PBXVariantGroup section */
		5BB997502C1498A800E47C8F /* LaunchScreen.storyboard */ = {
			isa = PBXVariantGroup;
			children = (
				5BB997512C1498A800E47C8F /* Base */,
				5BB997762C14F10300E47C8F /* en */,
			);
			name = LaunchScreen.storyboard;
			sourceTree = "<group>";
		};
/* End PBXVariantGroup section */

/* Begin XCBuildConfiguration section */
		5BB997542C1498A800E47C8F /* Debug */ = {
			isa = XCBuildConfiguration;
			buildSettings = {
				ALWAYS_SEARCH_USER_PATHS = NO;
				ASSETCATALOG_COMPILER_GENERATE_SWIFT_ASSET_SYMBOL_EXTENSIONS = YES;
				CLANG_ANALYZER_LOCALIZABILITY_NONLOCALIZED = YES;
				CLANG_ANALYZER_NONNULL = YES;
				CLANG_ANALYZER_NUMBER_OBJECT_CONVERSION = YES_AGGRESSIVE;
				CLANG_CXX_LANGUAGE_STANDARD = "gnu++20";
				CLANG_ENABLE_MODULES = YES;
				CLANG_ENABLE_OBJC_ARC = YES;
				CLANG_ENABLE_OBJC_WEAK = YES;
				CLANG_WARN_BLOCK_CAPTURE_AUTORELEASING = YES;
				CLANG_WARN_BOOL_CONVERSION = YES;
				CLANG_WARN_COMMA = YES;
				CLANG_WARN_CONSTANT_CONVERSION = YES;
				CLANG_WARN_DEPRECATED_OBJC_IMPLEMENTATIONS = YES;
				CLANG_WARN_DIRECT_OBJC_ISA_USAGE = YES_ERROR;
				CLANG_WARN_DOCUMENTATION_COMMENTS = YES;
				CLANG_WARN_EMPTY_BODY = YES;
				CLANG_WARN_ENUM_CONVERSION = YES;
				CLANG_WARN_INFINITE_RECURSION = YES;
				CLANG_WARN_INT_CONVERSION = YES;
				CLANG_WARN_NON_LITERAL_NULL_CONVERSION = YES;
				CLANG_WARN_OBJC_IMPLICIT_RETAIN_SELF = YES;
				CLANG_WARN_OBJC_LITERAL_CONVERSION = YES;
				CLANG_WARN_OBJC_ROOT_CLASS = YES_ERROR;
				CLANG_WARN_QUOTED_INCLUDE_IN_FRAMEWORK_HEADER = YES;
				CLANG_WARN_RANGE_LOOP_ANALYSIS = YES;
				CLANG_WARN_STRICT_PROTOTYPES = YES;
				CLANG_WARN_SUSPICIOUS_MOVE = YES;
				CLANG_WARN_UNGUARDED_AVAILABILITY = YES_AGGRESSIVE;
				CLANG_WARN_UNREACHABLE_CODE = YES;
				CLANG_WARN__DUPLICATE_METHOD_MATCH = YES;
				COPY_PHASE_STRIP = NO;
				DEBUG_INFORMATION_FORMAT = dwarf;
				ENABLE_STRICT_OBJC_MSGSEND = YES;
				ENABLE_TESTABILITY = YES;
				ENABLE_USER_SCRIPT_SANDBOXING = YES;
				GCC_C_LANGUAGE_STANDARD = gnu17;
				GCC_DYNAMIC_NO_PIC = NO;
				GCC_NO_COMMON_BLOCKS = YES;
				GCC_OPTIMIZATION_LEVEL = 0;
				GCC_PREPROCESSOR_DEFINITIONS = (
					"DEBUG=1",
					"$(inherited)",
				);
				GCC_WARN_64_TO_32_BIT_CONVERSION = YES;
				GCC_WARN_ABOUT_RETURN_TYPE = YES_ERROR;
				GCC_WARN_UNDECLARED_SELECTOR = YES;
				GCC_WARN_UNINITIALIZED_AUTOS = YES_AGGRESSIVE;
				GCC_WARN_UNUSED_FUNCTION = YES;
				GCC_WARN_UNUSED_VARIABLE = YES;
				IPHONEOS_DEPLOYMENT_TARGET = 17.2;
				LOCALIZATION_PREFERS_STRING_CATALOGS = YES;
				MTL_ENABLE_DEBUG_INFO = INCLUDE_SOURCE;
				MTL_FAST_MATH = YES;
				ONLY_ACTIVE_ARCH = YES;
				SDKROOT = iphoneos;
				SWIFT_ACTIVE_COMPILATION_CONDITIONS = "DEBUG $(inherited)";
				SWIFT_OPTIMIZATION_LEVEL = "-Onone";
			};
			name = Debug;
		};
		5BB997552C1498A800E47C8F /* Release */ = {
			isa = XCBuildConfiguration;
			buildSettings = {
				ALWAYS_SEARCH_USER_PATHS = NO;
				ASSETCATALOG_COMPILER_GENERATE_SWIFT_ASSET_SYMBOL_EXTENSIONS = YES;
				CLANG_ANALYZER_LOCALIZABILITY_NONLOCALIZED = YES;
				CLANG_ANALYZER_NONNULL = YES;
				CLANG_ANALYZER_NUMBER_OBJECT_CONVERSION = YES_AGGRESSIVE;
				CLANG_CXX_LANGUAGE_STANDARD = "gnu++20";
				CLANG_ENABLE_MODULES = YES;
				CLANG_ENABLE_OBJC_ARC = YES;
				CLANG_ENABLE_OBJC_WEAK = YES;
				CLANG_WARN_BLOCK_CAPTURE_AUTORELEASING = YES;
				CLANG_WARN_BOOL_CONVERSION = YES;
				CLANG_WARN_COMMA = YES;
				CLANG_WARN_CONSTANT_CONVERSION = YES;
				CLANG_WARN_DEPRECATED_OBJC_IMPLEMENTATIONS = YES;
				CLANG_WARN_DIRECT_OBJC_ISA_USAGE = YES_ERROR;
				CLANG_WARN_DOCUMENTATION_COMMENTS = YES;
				CLANG_WARN_EMPTY_BODY = YES;
				CLANG_WARN_ENUM_CONVERSION = YES;
				CLANG_WARN_INFINITE_RECURSION = YES;
				CLANG_WARN_INT_CONVERSION = YES;
				CLANG_WARN_NON_LITERAL_NULL_CONVERSION = YES;
				CLANG_WARN_OBJC_IMPLICIT_RETAIN_SELF = YES;
				CLANG_WARN_OBJC_LITERAL_CONVERSION = YES;
				CLANG_WARN_OBJC_ROOT_CLASS = YES_ERROR;
				CLANG_WARN_QUOTED_INCLUDE_IN_FRAMEWORK_HEADER = YES;
				CLANG_WARN_RANGE_LOOP_ANALYSIS = YES;
				CLANG_WARN_STRICT_PROTOTYPES = YES;
				CLANG_WARN_SUSPICIOUS_MOVE = YES;
				CLANG_WARN_UNGUARDED_AVAILABILITY = YES_AGGRESSIVE;
				CLANG_WARN_UNREACHABLE_CODE = YES;
				CLANG_WARN__DUPLICATE_METHOD_MATCH = YES;
				COPY_PHASE_STRIP = NO;
				DEBUG_INFORMATION_FORMAT = "dwarf-with-dsym";
				ENABLE_NS_ASSERTIONS = NO;
				ENABLE_STRICT_OBJC_MSGSEND = YES;
				ENABLE_USER_SCRIPT_SANDBOXING = YES;
				GCC_C_LANGUAGE_STANDARD = gnu17;
				GCC_NO_COMMON_BLOCKS = YES;
				GCC_WARN_64_TO_32_BIT_CONVERSION = YES;
				GCC_WARN_ABOUT_RETURN_TYPE = YES_ERROR;
				GCC_WARN_UNDECLARED_SELECTOR = YES;
				GCC_WARN_UNINITIALIZED_AUTOS = YES_AGGRESSIVE;
				GCC_WARN_UNUSED_FUNCTION = YES;
				GCC_WARN_UNUSED_VARIABLE = YES;
				IPHONEOS_DEPLOYMENT_TARGET = 17.2;
				LOCALIZATION_PREFERS_STRING_CATALOGS = YES;
				MTL_ENABLE_DEBUG_INFO = NO;
				MTL_FAST_MATH = YES;
				SDKROOT = iphoneos;
				SWIFT_COMPILATION_MODE = wholemodule;
				VALIDATE_PRODUCT = YES;
			};
			name = Release;
		};
		5BB997572C1498A800E47C8F /* Debug */ = {
			isa = XCBuildConfiguration;
			buildSettings = {
				ASSETCATALOG_COMPILER_APPICON_NAME = AppIcon;
				ASSETCATALOG_COMPILER_GLOBAL_ACCENT_COLOR_NAME = AccentColor;
				CODE_SIGN_STYLE = Automatic;
				CURRENT_PROJECT_VERSION = 1;
				DEVELOPMENT_TEAM = 6RAY94QJCX;
				GENERATE_INFOPLIST_FILE = YES;
				INFOPLIST_FILE = CityEvents/Resource/Info.plist;
				INFOPLIST_KEY_UIApplicationSupportsIndirectInputEvents = YES;
				INFOPLIST_KEY_UILaunchStoryboardName = LaunchScreen;
				INFOPLIST_KEY_UISupportedInterfaceOrientations = UIInterfaceOrientationPortrait;
				INFOPLIST_KEY_UISupportedInterfaceOrientations_iPad = "UIInterfaceOrientationLandscapeLeft UIInterfaceOrientationLandscapeRight UIInterfaceOrientationPortrait UIInterfaceOrientationPortraitUpsideDown";
				IPHONEOS_DEPLOYMENT_TARGET = 16.0;
				LD_RUNPATH_SEARCH_PATHS = (
					"$(inherited)",
					"@executable_path/Frameworks",
				);
				MARKETING_VERSION = 1.0;
				PRODUCT_BUNDLE_IDENTIFIER = com.CityEvents;
				PRODUCT_NAME = "$(TARGET_NAME)";
				SUPPORTED_PLATFORMS = "iphoneos iphonesimulator";
				SUPPORTS_MACCATALYST = NO;
				SUPPORTS_MAC_DESIGNED_FOR_IPHONE_IPAD = NO;
				SUPPORTS_XR_DESIGNED_FOR_IPHONE_IPAD = NO;
				SWIFT_EMIT_LOC_STRINGS = YES;
				SWIFT_VERSION = 5.0;
				TARGETED_DEVICE_FAMILY = 1;
			};
			name = Debug;
		};
		5BB997582C1498A800E47C8F /* Release */ = {
			isa = XCBuildConfiguration;
			buildSettings = {
				ASSETCATALOG_COMPILER_APPICON_NAME = AppIcon;
				ASSETCATALOG_COMPILER_GLOBAL_ACCENT_COLOR_NAME = AccentColor;
				CODE_SIGN_STYLE = Automatic;
				CURRENT_PROJECT_VERSION = 1;
				DEVELOPMENT_TEAM = 6RAY94QJCX;
				GENERATE_INFOPLIST_FILE = YES;
				INFOPLIST_FILE = CityEvents/Resource/Info.plist;
				INFOPLIST_KEY_UIApplicationSupportsIndirectInputEvents = YES;
				INFOPLIST_KEY_UILaunchStoryboardName = LaunchScreen;
				INFOPLIST_KEY_UISupportedInterfaceOrientations = UIInterfaceOrientationPortrait;
				INFOPLIST_KEY_UISupportedInterfaceOrientations_iPad = "UIInterfaceOrientationLandscapeLeft UIInterfaceOrientationLandscapeRight UIInterfaceOrientationPortrait UIInterfaceOrientationPortraitUpsideDown";
				IPHONEOS_DEPLOYMENT_TARGET = 16.0;
				LD_RUNPATH_SEARCH_PATHS = (
					"$(inherited)",
					"@executable_path/Frameworks",
				);
				MARKETING_VERSION = 1.0;
				PRODUCT_BUNDLE_IDENTIFIER = com.CityEvents;
				PRODUCT_NAME = "$(TARGET_NAME)";
				SUPPORTED_PLATFORMS = "iphoneos iphonesimulator";
				SUPPORTS_MACCATALYST = NO;
				SUPPORTS_MAC_DESIGNED_FOR_IPHONE_IPAD = NO;
				SUPPORTS_XR_DESIGNED_FOR_IPHONE_IPAD = NO;
				SWIFT_EMIT_LOC_STRINGS = YES;
				SWIFT_VERSION = 5.0;
				TARGETED_DEVICE_FAMILY = 1;
			};
			name = Release;
		};
/* End XCBuildConfiguration section */

/* Begin XCConfigurationList section */
		5BB9973A2C1498A600E47C8F /* Build configuration list for PBXProject "CityEvents" */ = {
			isa = XCConfigurationList;
			buildConfigurations = (
				5BB997542C1498A800E47C8F /* Debug */,
				5BB997552C1498A800E47C8F /* Release */,
			);
			defaultConfigurationIsVisible = 0;
			defaultConfigurationName = Release;
		};
		5BB997562C1498A800E47C8F /* Build configuration list for PBXNativeTarget "CityEvents" */ = {
			isa = XCConfigurationList;
			buildConfigurations = (
				5BB997572C1498A800E47C8F /* Debug */,
				5BB997582C1498A800E47C8F /* Release */,
			);
			defaultConfigurationIsVisible = 0;
			defaultConfigurationName = Release;
		};
/* End XCConfigurationList section */

/* Begin XCVersionGroup section */
		5BB9974B2C1498A600E47C8F /* CityEvents.xcdatamodeld */ = {
			isa = XCVersionGroup;
			children = (
				5BB9974C2C1498A600E47C8F /* CityEvents.xcdatamodel */,
			);
			currentVersion = 5BB9974C2C1498A600E47C8F /* CityEvents.xcdatamodel */;
			path = CityEvents.xcdatamodeld;
			sourceTree = "<group>";
			versionGroupType = wrapper.xcdatamodel;
		};
/* End XCVersionGroup section */
	};
	rootObject = 5BB997372C1498A600E47C8F /* Project object */;
}
